<?xml version="1.0" encoding="utf-8"?>
<Project ToolsVersion="4.0" xmlns="http://schemas.microsoft.com/developer/msbuild/2003">
  <ItemGroup>
    <ClCompile Include="GameObject\Bullet\BulletCarrotRing.cpp" />
    <ClCompile Include="GameObject\Bullet\BulletCarrotBoom.cpp" />
    <ClCompile Include="GameObject\Monster\BossCarrot.cpp" />
    <ClCompile Include="GameObject\Monster\BossCarnation.cpp" />
    <ClCompile Include="GameObject\Bullet\BulletOnionTear.cpp" />
    <ClCompile Include="GameObject\Effect\EffectOnionTearsOutro.cpp" />
    <ClCompile Include="GameObject\Effect\EffectOnionTears.cpp" />
    <ClCompile Include="GameObject\Monster\BossOnion.cpp" />
    <ClCompile Include="GameObject\Bullet\BulletPotatoShoot.cpp" />
    <ClCompile Include="GameObject\Bullet\BulletPotatoShootPink.cpp" />
    <ClCompile Include="AnimationTool.cpp" />
    <ClCompile Include="CollisionManager.cpp" />
    <ClCompile Include="GameObject\Monster\BossPotato.cpp" />
    <ClCompile Include="GameObject\Effect\EffectPeashot.cpp" />
    <ClCompile Include="Framework\Animator.cpp" />
    <ClCompile Include="Framework\Framework.cpp" />
    <ClCompile Include="Framework\GameObject.cpp" />
    <ClCompile Include="Framework\InputMgr.cpp" />
    <ClCompile Include="Framework\Scene.cpp" />
    <ClCompile Include="Framework\SceneMgr.cpp" />
    <ClCompile Include="Framework\SoundMgr.cpp" />
    <ClCompile Include="Framework\SpriteGo.cpp" />
    <ClCompile Include="Framework\TextGo.cpp" />
    <ClCompile Include="Framework\Utils.cpp" />
    <ClCompile Include="GameObject\Bullet\BulletPeashot.cpp" />
    <ClCompile Include="GameObject\Bullet\ObjectBullet.cpp" />
    <ClCompile Include="GameObject\Effect\ObjectEffect.cpp" />
    <ClCompile Include="main.cpp" />
    <ClCompile Include="GameObject\Monster\ObjectMonster.cpp" />
    <ClCompile Include="pch.cpp" />
    <ClCompile Include="Player.cpp" />
    <ClCompile Include="Scene\SceneGame.cpp" />
    <ClCompile Include="Scene\SceneDev3.cpp" />
    <ClCompile Include="Scene\SceneDev.cpp" />
    <ClCompile Include="Scene\SceneDev1.cpp" />
    <ClCompile Include="Scene\SceneDev2.cpp" />
    <ClCompile Include="GameObject\Stage\Stage01.cpp" />
    <ClCompile Include="Scene\SceneTitle.cpp" />
    <ClCompile Include="GameObject\Effect\EffectCarnationCreating.cpp" />
    <ClCompile Include="GameObject\Effect\EffectCarnationFireSeed.cpp" />
    <ClCompile Include="GameObject\Bullet\BulletCarnationBoomerang.cpp" />
  </ItemGroup>
  <ItemGroup>
    <ClInclude Include="GameObject\Bullet\BulletCarrotRing.h" />
    <ClInclude Include="GameObject\Bullet\BulletCarrotBoom.h" />
    <ClInclude Include="GameObject\Monster\BossCarrot.h" />
    <ClInclude Include="GameObject\Monster\BossCarnation.h" />
    <ClInclude Include="GameObject\Bullet\BulletOnionTear.h" />
    <ClInclude Include="GameObject\Effect\EffectOnionTearsOutro.h" />
    <ClInclude Include="GameObject\Effect\EffectOnionTears.h" />
    <ClInclude Include="GameObject\Monster\BossOnion.h" />
    <ClInclude Include="GameObject\Bullet\BulletPotatoShoot.h" />
    <ClInclude Include="GameObject\Bullet\BulletPotatoShootPink.h" />
    <ClInclude Include="AnimationTool.h" />
    <ClInclude Include="CollisionManager.h" />
    <ClInclude Include="GameObject\Monster\BossPotato.h" />
    <ClInclude Include="GameObject\Effect\EffectPeashot.h" />
    <ClInclude Include="Framework\Animator.h" />
    <ClInclude Include="Framework\Defines.h" />
    <ClInclude Include="Framework\Framework.h" />
    <ClInclude Include="Framework\GameObject.h" />
    <ClInclude Include="Framework\InputManager.h" />
    <ClInclude Include="Framework\InputMgr.h" />
    <ClInclude Include="Framework\rapidcsv.h" />
    <ClInclude Include="Framework\ResourceMgr.h" />
    <ClInclude Include="Framework\Scene.h" />
    <ClInclude Include="Framework\SceneMgr.h" />
    <ClInclude Include="Framework\Singleton.h" />
    <ClInclude Include="Framework\SoundMgr.h" />
    <ClInclude Include="Framework\SpriteGo.h" />
    <ClInclude Include="Framework\TextGo.h" />
    <ClInclude Include="Framework\Utils.h" />
    <ClInclude Include="GameObject\Bullet\BulletPeashot.h" />
    <ClInclude Include="GameObject\Bullet\ObjectBullet.h" />
    <ClInclude Include="GameObject\Effect\ObjectEffect.h" />
    <ClInclude Include="GameObject\Monster\ObjectMonster.h" />
    <ClInclude Include="pch.h" />
    <ClInclude Include="Player.h" />
    <ClInclude Include="Scene\SceneGame.h" />
    <ClInclude Include="Scene\SceneDev3.h" />
    <ClInclude Include="Scene\SceneDev.h" />
    <ClInclude Include="Scene\SceneDev1.h" />
    <ClInclude Include="Scene\SceneDev2.h" />
    <ClInclude Include="GameObject\Stage\Stage01.h" />
    <ClInclude Include="Scene\SceneTitle.h" />
    <ClInclude Include="GameObject\Effect\EffectCarnationCreating.h" />
    <ClInclude Include="GameObject\Effect\EffectCarnationFireSeed.h" />
    <ClInclude Include="GameObject\Bullet\BulletCarnationBoomerang.h" />
  </ItemGroup>
  <ItemGroup>
    <None Include="bin\resource\Shader\Hit.frag" />
  </ItemGroup>
  <ItemGroup>
    <Text Include="bin\resource\Shader\RGB.frag" />
  </ItemGroup>
</Project>